
Microsoft Visual Studio Solution File, Format Version 12.00
# Visual Studio Version 17
VisualStudioVersion = 17.6.33801.468
MinimumVisualStudioVersion = 10.0.40219.1
Project("{FAE04EC0-301F-11D3-BF4B-00C04F79EFBC}") = "SimpleAutoClicker", "SimpleAutoClicker\SimpleAutoClicker.csproj", "{529892BA-E4AD-4067-8A1F-6FE9E304E75E}"
EndProject
Global
	GlobalSection(SolutionConfigurationPlatforms) = preSolution
		Debug|Any CPU = Debug|Any CPU
		Release|Any CPU = Release|Any CPU
	EndGlobalSection
	GlobalSection(ProjectConfigurationPlatforms) = postSolution
		{529892BA-E4AD-4067-8A1F-6FE9E304E75E}.Debug|Any CPU.ActiveCfg = Debug|Any CPU
		{529892BA-E4AD-4067-8A1F-6FE9E304E75E}.Debug|Any CPU.Build.0 = Debug|Any CPU
		{529892BA-E4AD-4067-8A1F-6FE9E304E75E}.Release|Any CPU.ActiveCfg = Release|Any CPU
		{529892BA-E4AD-4067-8A1F-6FE9E304E75E}.Release|Any CPU.Build.0 = Release|Any CPU
	EndGlobalSection
	GlobalSection(SolutionProperties) = preSolution
		HideSolutionNode = FALSE
	EndGlobalSection
EndGlobal
